// !$*UTF8*$!
{
	archiveVersion = 1;
	classes = {
	};
	objectVersion = 48;
	objects = {

/* Begin PBXBuildFile section */
		A6163D351F692B0A005DAE91 /* AppDelegate.swift in Sources */ = {isa = PBXBuildFile; fileRef = A6163D341F692B0A005DAE91 /* AppDelegate.swift */; };
		A6163D391F692B0A005DAE91 /* GameViewController.swift in Sources */ = {isa = PBXBuildFile; fileRef = A6163D381F692B0A005DAE91 /* GameViewController.swift */; };
		A6163D3C1F692B0A005DAE91 /* Main.storyboard in Resources */ = {isa = PBXBuildFile; fileRef = A6163D3A1F692B0A005DAE91 /* Main.storyboard */; };
		A6163D3E1F692B0A005DAE91 /* Assets.xcassets in Resources */ = {isa = PBXBuildFile; fileRef = A6163D3D1F692B0A005DAE91 /* Assets.xcassets */; };
		A6163D411F692B0A005DAE91 /* LaunchScreen.storyboard in Resources */ = {isa = PBXBuildFile; fileRef = A6163D3F1F692B0A005DAE91 /* LaunchScreen.storyboard */; };
		A6163D491F692C38005DAE91 /* art.scnassets in Resources */ = {isa = PBXBuildFile; fileRef = A6163D481F692C2E005DAE91 /* art.scnassets */; };
/* End PBXBuildFile section */

/* Begin PBXFileReference section */
		A6163D311F692B0A005DAE91 /* MarbleMaze.app */ = {isa = PBXFileReference; explicitFileType = wrapper.application; includeInIndex = 0; path = MarbleMaze.app; sourceTree = BUILT_PRODUCTS_DIR; };
		A6163D341F692B0A005DAE91 /* AppDelegate.swift */ = {isa = PBXFileReference; lastKnownFileType = sourcecode.swift; path = AppDelegate.swift; sourceTree = "<group>"; };
		A6163D381F692B0A005DAE91 /* GameViewController.swift */ = {isa = PBXFileReference; lastKnownFileType = sourcecode.swift; path = GameViewController.swift; sourceTree = "<group>"; };
		A6163D3B1F692B0A005DAE91 /* Base */ = {isa = PBXFileReference; lastKnownFileType = file.storyboard; name = Base; path = Base.lproj/Main.storyboard; sourceTree = "<group>"; };
		A6163D3D1F692B0A005DAE91 /* Assets.xcassets */ = {isa = PBXFileReference; lastKnownFileType = folder.assetcatalog; path = Assets.xcassets; sourceTree = "<group>"; };
		A6163D401F692B0A005DAE91 /* Base */ = {isa = PBXFileReference; lastKnownFileType = file.storyboard; name = Base; path = Base.lproj/LaunchScreen.storyboard; sourceTree = "<group>"; };
		A6163D421F692B0A005DAE91 /* Info.plist */ = {isa = PBXFileReference; lastKnownFileType = text.plist.xml; path = Info.plist; sourceTree = "<group>"; };
		A6163D481F692C2E005DAE91 /* art.scnassets */ = {isa = PBXFileReference; lastKnownFileType = wrapper.scnassets; path = art.scnassets; sourceTree = "<group>"; };
/* End PBXFileReference section */

/* Begin PBXFrameworksBuildPhase section */
		A6163D2E1F692B0A005DAE91 /* Frameworks */ = {
			isa = PBXFrameworksBuildPhase;
			buildActionMask = 2147483647;
			files = (
			);
			runOnlyForDeploymentPostprocessing = 0;
		};
/* End PBXFrameworksBuildPhase section */

/* Begin PBXGroup section */
		A6163D281F692B0A005DAE91 = {
			isa = PBXGroup;
			children = (
				A6163D331F692B0A005DAE91 /* MarbleMaze */,
				A6163D321F692B0A005DAE91 /* Products */,
			);
			sourceTree = "<group>";
		};
		A6163D321F692B0A005DAE91 /* Products */ = {
			isa = PBXGroup;
			children = (
				A6163D311F692B0A005DAE91 /* MarbleMaze.app */,
			);
			name = Products;
			sourceTree = "<group>";
		};
		A6163D331F692B0A005DAE91 /* MarbleMaze */ = {
			isa = PBXGroup;
			children = (
				A6163D341F692B0A005DAE91 /* AppDelegate.swift */,
				A6163D381F692B0A005DAE91 /* GameViewController.swift */,
				A6163D3A1F692B0A005DAE91 /* Main.storyboard */,
				A6163D3D1F692B0A005DAE91 /* Assets.xcassets */,
				A6163D3F1F692B0A005DAE91 /* LaunchScreen.storyboard */,
				A6163D421F692B0A005DAE91 /* Info.plist */,
				A6163D481F692C2E005DAE91 /* art.scnassets */,
			);
			path = MarbleMaze;
			sourceTree = "<group>";
		};
/* End PBXGroup section */

/* Begin PBXNativeTarget section */
		A6163D301F692B0A005DAE91 /* MarbleMaze */ = {
			isa = PBXNativeTarget;
			buildConfigurationList = A6163D451F692B0A005DAE91 /* Build configuration list for PBXNativeTarget "MarbleMaze" */;
			buildPhases = (
				A6163D2D1F692B0A005DAE91 /* Sources */,
				A6163D2E1F692B0A005DAE91 /* Frameworks */,
				A6163D2F1F692B0A005DAE91 /* Resources */,
			);
			buildRules = (
			);
			dependencies = (
			);
			name = MarbleMaze;
			productName = MarbleMaze;
			productReference = A6163D311F692B0A005DAE91 /* MarbleMaze.app */;
			productType = "com.apple.product-type.application";
		};
/* End PBXNativeTarget section */

/* Begin PBXProject section */
		A6163D291F692B0A005DAE91 /* Project object */ = {
			isa = PBXProject;
			attributes = {
				LastSwiftUpdateCheck = 0900;
				LastUpgradeCheck = 0900;
				ORGANIZATIONNAME = "吴迪玮";
				TargetAttributes = {
					A6163D301F692B0A005DAE91 = {
						CreatedOnToolsVersion = 9.0;
						ProvisioningStyle = Automatic;
					};
				};
			};
			buildConfigurationList = A6163D2C1F692B0A005DAE91 /* Build configuration list for PBXProject "MarbleMaze" */;
			compatibilityVersion = "Xcode 8.0";
			developmentRegion = en;
			hasScannedForEncodings = 0;
			knownRegions = (
				en,
				Base,
			);
			mainGroup = A6163D281F692B0A005DAE91;
			productRefGroup = A6163D321F692B0A005DAE91 /* Products */;
			projectDirPath = "";
			projectRoot = "";
			targets = (
				A6163D301F692B0A005DAE91 /* MarbleMaze */,
			);
		};
/* End PBXProject section */

/* Begin PBXResourcesBuildPhase section */
		A6163D2F1F692B0A005DAE91 /* Resources */ = {
			isa = PBXResourcesBuildPhase;
			buildActionMask = 2147483647;
			files = (
				A6163D411F692B0A005DAE91 /* LaunchScreen.storyboard in Resources */,
				A6163D491F692C38005DAE91 /* art.scnassets in Resources */,
				A6163D3E1F692B0A005DAE91 /* Assets.xcassets in Resources */,
				A6163D3C1F692B0A005DAE91 /* Main.storyboard in Resources */,
			);
			runOnlyForDeploymentPostprocessing = 0;
		};
/* End PBXResourcesBuildPhase section */

/* Begin PBXSourcesBuildPhase section */
		A6163D2D1F692B0A005DAE91 /* Sources */ = {
			isa = PBXSourcesBuildPhase;
			buildActionMask = 2147483647;
			files = (
				A6163D391F692B0A005DAE91 /* GameViewController.swift in Sources */,
				A6163D351F692B0A005DAE91 /* AppDelegate.swift in Sources */,
			);
			runOnlyForDeploymentPostprocessing = 0;
		};
/* End PBXSourcesBuildPhase section */

/* Begin PBXVariantGroup section */
		A6163D3A1F692B0A005DAE91 /* Main.storyboard */ = {
			isa = PBXVariantGroup;
			children = (
				A6163D3B1F692B0A005DAE91 /* Base */,
			);
			name = Main.storyboard;
			sourceTree = "<group>";
		};
		A6163D3F1F692B0A005DAE91 /* LaunchScreen.storyboard */ = {
			isa = PBXVariantGroup;
			children = (
				A6163D401F692B0A005DAE91 /* Base */,
			);
			name = LaunchScreen.storyboard;
			sourceTree = "<group>";
		};
/* End PBXVariantGroup section */

/* Begin XCBuildConfiguration section */
		A6163D431F692B0A005DAE91 /* Debug */ = {
			isa = XCBuildConfiguration;
			buildSettings = {
				ALWAYS_SEARCH_USER_PATHS = NO;
				CLANG_ANALYZER_NONNULL = YES;
				CLANG_ANALYZER_NUMBER_OBJECT_CONVERSION = YES_AGGRESSIVE;
				CLANG_CXX_LANGUAGE_STANDARD = "gnu++14";
				CLANG_CXX_LIBRARY = "libc++";
				CLANG_ENABLE_MODULES = YES;
				CLANG_ENABLE_OBJC_ARC = YES;
				CLANG_WARN_BLOCK_CAPTURE_AUTORELEASING = YES;
				CLANG_WARN_BOOL_CONVERSION = YES;
				CLANG_WARN_COMMA = YES;
				CLANG_WARN_CONSTANT_CONVERSION = YES;
				CLANG_WARN_DIRECT_OBJC_ISA_USAGE = YES_ERROR;
				CLANG_WARN_DOCUMENTATION_COMMENTS = YES;
				CLANG_WARN_EMPTY_BODY = YES;
				CLANG_WARN_ENUM_CONVERSION = YES;
				CLANG_WARN_INFINITE_RECURSION = YES;
				CLANG_WARN_INT_CONVERSION = YES;
				CLANG_WARN_NON_LITERAL_NULL_CONVERSION = YES;
				CLANG_WARN_OBJC_LITERAL_CONVERSION = YES;
				CLANG_WARN_OBJC_ROOT_CLASS = YES_ERROR;
				CLANG_WARN_RANGE_LOOP_ANALYSIS = YES;
				CLANG_WARN_STRICT_PROTOTYPES = YES;
				CLANG_WARN_SUSPICIOUS_MOVE = YES;
				CLANG_WARN_UNGUARDED_AVAILABILITY = YES_AGGRESSIVE;
				CLANG_WARN_UNREACHABLE_CODE = YES;
				CLANG_WARN__DUPLICATE_METHOD_MATCH = YES;
				CODE_SIGN_IDENTITY = "iPhone Developer";
				COPY_PHASE_STRIP = NO;
				DEBUG_INFORMATION_FORMAT = dwarf;
				ENABLE_STRICT_OBJC_MSGSEND = YES;
				ENABLE_TESTABILITY = YES;
				GCC_C_LANGUAGE_STANDARD = gnu11;
				GCC_DYNAMIC_NO_PIC = NO;
				GCC_NO_COMMON_BLOCKS = YES;
				GCC_OPTIMIZATION_LEVEL = 0;
				GCC_PREPROCESSOR_DEFINITIONS = (
					"DEBUG=1",
					"$(inherited)",
				);
				GCC_WARN_64_TO_32_BIT_CONVERSION = YES;
				GCC_WARN_ABOUT_RETURN_TYPE = YES_ERROR;
				GCC_WARN_UNDECLARED_SELECTOR = YES;
				GCC_WARN_UNINITIALIZED_AUTOS = YES_AGGRESSIVE;
				GCC_WARN_UNUSED_FUNCTION = YES;
				GCC_WARN_UNUSED_VARIABLE = YES;
				IPHONEOS_DEPLOYMENT_TARGET = 11.0;
				MTL_ENABLE_DEBUG_INFO = YES;
				ONLY_ACTIVE_ARCH = YES;
				SDKROOT = iphoneos;
				SWIFT_ACTIVE_COMPILATION_CONDITIONS = DEBUG;
				SWIFT_OPTIMIZATION_LEVEL = "-Onone";
			};
			name = Debug;
		};
		A6163D441F692B0A005DAE91 /* Release */ = {
			isa = XCBuildConfiguration;
			buildSettings = {
				ALWAYS_SEARCH_USER_PATHS = NO;
				CLANG_ANALYZER_NONNULL = YES;
				CLANG_ANALYZER_NUMBER_OBJECT_CONVERSION = YES_AGGRESSIVE;
				CLANG_CXX_LANGUAGE_STANDARD = "gnu++14";
				CLANG_CXX_LIBRARY = "libc++";
				CLANG_ENABLE_MODULES = YES;
				CLANG_ENABLE_OBJC_ARC = YES;
				CLANG_WARN_BLOCK_CAPTURE_AUTORELEASING = YES;
				CLANG_WARN_BOOL_CONVERSION = YES;
				CLANG_WARN_COMMA = YES;
				CLANG_WARN_CONSTANT_CONVERSION = YES;
				CLANG_WARN_DIRECT_OBJC_ISA_USAGE = YES_ERROR;
				CLANG_WARN_DOCUMENTATION_COMMENTS = YES;
				CLANG_WARN_EMPTY_BODY = YES;
				CLANG_WARN_ENUM_CONVERSION = YES;
				CLANG_WARN_INFINITE_RECURSION = YES;
				CLANG_WARN_INT_CONVERSION = YES;
				CLANG_WARN_NON_LITERAL_NULL_CONVERSION = YES;
				CLANG_WARN_OBJC_LITERAL_CONVERSION = YES;
				CLANG_WARN_OBJC_ROOT_CLASS = YES_ERROR;
				CLANG_WARN_RANGE_LOOP_ANALYSIS = YES;
				CLANG_WARN_STRICT_PROTOTYPES = YES;
				CLANG_WARN_SUSPICIOUS_MOVE = YES;
				CLANG_WARN_UNGUARDED_AVAILABILITY = YES_AGGRESSIVE;
				CLANG_WARN_UNREACHABLE_CODE = YES;
				CLANG_WARN__DUPLICATE_METHOD_MATCH = YES;
				CODE_SIGN_IDENTITY = "iPhone Developer";
				COPY_PHASE_STRIP = NO;
				DEBUG_INFORMATION_FORMAT = "dwarf-with-dsym";
				ENABLE_NS_ASSERTIONS = NO;
				ENABLE_STRICT_OBJC_MSGSEND = YES;
				GCC_C_LANGUAGE_STANDARD = gnu11;
				GCC_NO_COMMON_BLOCKS = YES;
				GCC_WARN_64_TO_32_BIT_CONVERSION = YES;
				GCC_WARN_ABOUT_RETURN_TYPE = YES_ERROR;
				GCC_WARN_UNDECLARED_SELECTOR = YES;
				GCC_WARN_UNINITIALIZED_AUTOS = YES_AGGRESSIVE;
				GCC_WARN_UNUSED_FUNCTION = YES;
				GCC_WARN_UNUSED_VARIABLE = YES;
				IPHONEOS_DEPLOYMENT_TARGET = 11.0;
				MTL_ENABLE_DEBUG_INFO = NO;
				SDKROOT = iphoneos;
				SWIFT_OPTIMIZATION_LEVEL = "-Owholemodule";
				VALIDATE_PRODUCT = YES;
			};
			name = Release;
		};
		A6163D461F692B0A005DAE91 /* Debug */ = {
			isa = XCBuildConfiguration;
			buildSettings = {
				ASSETCATALOG_COMPILER_APPICON_NAME = AppIcon;
				CODE_SIGN_STYLE = Automatic;
				DEVELOPMENT_TEAM = L6U7BB57HF;
				INFOPLIST_FILE = MarbleMaze/Info.plist;
				LD_RUNPATH_SEARCH_PATHS = "$(inherited) @executable_path/Frameworks";
				PRODUCT_BUNDLE_IDENTIFIER = com.davidandty.MarbleMaze;
				PRODUCT_NAME = "$(TARGET_NAME)";
				SWIFT_VERSION = 4.0;
				TARGETED_DEVICE_FAMILY = "1,2";
			};
			name = Debug;
		};
		A6163D471F692B0A005DAE91 /* Release */ = {
			isa = XCBuildConfiguration;
			buildSettings = {
				ASSETCATALOG_COMPILER_APPICON_NAME = AppIcon;
				CODE_SIGN_STYLE = Automatic;
				DEVELOPMENT_TEAM = L6U7BB57HF;
				INFOPLIST_FILE = MarbleMaze/Info.plist;
				LD_RUNPATH_SEARCH_PATHS = "$(inherited) @executable_path/Frameworks";
				PRODUCT_BUNDLE_IDENTIFIER = com.davidandty.MarbleMaze;
				PRODUCT_NAME = "$(TARGET_NAME)";
				SWIFT_VERSION = 4.0;
				TARGETED_DEVICE_FAMILY = "1,2";
			};
			name = Release;
		};
/* End XCBuildConfiguration section */

/* Begin XCConfigurationList section */
		A6163D2C1F692B0A005DAE91 /* Build configuration list for PBXProject "MarbleMaze" */ = {
			isa = XCConfigurationList;
			buildConfigurations = (
				A6163D431F692B0A005DAE91 /* Debug */,
				A6163D441F692B0A005DAE91 /* Release */,
			);
			defaultConfigurationIsVisible = 0;
			defaultConfigurationName = Release;
		};
		A6163D451F692B0A005DAE91 /* Build configuration list for PBXNativeTarget "MarbleMaze" */ = {
			isa = XCConfigurationList;
			buildConfigurations = (
				A6163D461F692B0A005DAE91 /* Debug */,
				A6163D471F692B0A005DAE91 /* Release */,
			);
			defaultConfigurationIsVisible = 0;
			defaultConfigurationName = Release;
		};
/* End XCConfigurationList section */
	};
	rootObject = A6163D291F692B0A005DAE91 /* Project object */;
}
